
Microsoft Visual Studio Solution File, Format Version 12.00
# Visual Studio Version 16
VisualStudioVersion = 16.0.32106.194
MinimumVisualStudioVersion = 10.0.40219.1
Project("{FAE04EC0-301F-11D3-BF4B-00C04F79EFBC}") = "Multithreading", "Multithreading\Multithreading.csproj", "{66DABB60-6B77-423E-88F2-504088D9C6DD}"
EndProject
Global
	GlobalSection(SolutionConfigurationPlatforms) = preSolution
		Debug|Any CPU = Debug|Any CPU
		Release|Any CPU = Release|Any CPU
	EndGlobalSection
	GlobalSection(ProjectConfigurationPlatforms) = postSolution
		{66DABB60-6B77-423E-88F2-504088D9C6DD}.Debug|Any CPU.ActiveCfg = Debug|Any CPU
		{66DABB60-6B77-423E-88F2-504088D9C6DD}.Debug|Any CPU.Build.0 = Debug|Any CPU
		{66DABB60-6B77-423E-88F2-504088D9C6DD}.Release|Any CPU.ActiveCfg = Release|Any CPU
		{66DABB60-6B77-423E-88F2-504088D9C6DD}.Release|Any CPU.Build.0 = Release|Any CPU
	EndGlobalSection
	GlobalSection(SolutionProperties) = preSolution
		HideSolutionNode = FALSE
	EndGlobalSection
	GlobalSection(ExtensibilityGlobals) = postSolution
		SolutionGuid = {910B93E4-6847-41D7-86DD-5B5F9CB76521}
	EndGlobalSection
EndGlobal
